// !$*UTF8*$!
{
	archiveVersion = 1;
	classes = {
	};
	objectVersion = 50;
	objects = {

/* Begin PBXBuildFile section */
		FAFCE0BD21CE852100DFCB8B /* AppDelegate.swift in Sources */ = {isa = PBXBuildFile; fileRef = FAFCE0BC21CE852100DFCB8B /* AppDelegate.swift */; };
		FAFCE0BF21CE852100DFCB8B /* ViewController.swift in Sources */ = {isa = PBXBuildFile; fileRef = FAFCE0BE21CE852100DFCB8B /* ViewController.swift */; };
		FAFCE0C221CE852100DFCB8B /* Main.storyboard in Resources */ = {isa = PBXBuildFile; fileRef = FAFCE0C021CE852100DFCB8B /* Main.storyboard */; };
		FAFCE0C421CE852300DFCB8B /* Assets.xcassets in Resources */ = {isa = PBXBuildFile; fileRef = FAFCE0C321CE852300DFCB8B /* Assets.xcassets */; };
		FAFCE0C721CE852300DFCB8B /* LaunchScreen.storyboard in Resources */ = {isa = PBXBuildFile; fileRef = FAFCE0C521CE852300DFCB8B /* LaunchScreen.storyboard */; };
		FAFCE0D221CE852300DFCB8B /* TeacherTKTests.swift in Sources */ = {isa = PBXBuildFile; fileRef = FAFCE0D121CE852300DFCB8B /* TeacherTKTests.swift */; };
		FAFCE0DD21CE852300DFCB8B /* TeacherTKUITests.swift in Sources */ = {isa = PBXBuildFile; fileRef = FAFCE0DC21CE852300DFCB8B /* TeacherTKUITests.swift */; };
		FAFCE0EC21CE86AA00DFCB8B /* Alamofire.framework in Frameworks */ = {isa = PBXBuildFile; fileRef = FAFCE0EB21CE86AA00DFCB8B /* Alamofire.framework */; };
/* End PBXBuildFile section */

/* Begin PBXContainerItemProxy section */
		FAFCE0CE21CE852300DFCB8B /* PBXContainerItemProxy */ = {
			isa = PBXContainerItemProxy;
			containerPortal = FAFCE0B121CE852100DFCB8B /* Project object */;
			proxyType = 1;
			remoteGlobalIDString = FAFCE0B821CE852100DFCB8B;
			remoteInfo = TeacherTK;
		};
		FAFCE0D921CE852300DFCB8B /* PBXContainerItemProxy */ = {
			isa = PBXContainerItemProxy;
			containerPortal = FAFCE0B121CE852100DFCB8B /* Project object */;
			proxyType = 1;
			remoteGlobalIDString = FAFCE0B821CE852100DFCB8B;
			remoteInfo = TeacherTK;
		};
/* End PBXContainerItemProxy section */

/* Begin PBXFileReference section */
		FAFCE0B921CE852100DFCB8B /* TeacherTK.app */ = {isa = PBXFileReference; explicitFileType = wrapper.application; includeInIndex = 0; path = TeacherTK.app; sourceTree = BUILT_PRODUCTS_DIR; };
		FAFCE0BC21CE852100DFCB8B /* AppDelegate.swift */ = {isa = PBXFileReference; lastKnownFileType = sourcecode.swift; path = AppDelegate.swift; sourceTree = "<group>"; };
		FAFCE0BE21CE852100DFCB8B /* ViewController.swift */ = {isa = PBXFileReference; lastKnownFileType = sourcecode.swift; path = ViewController.swift; sourceTree = "<group>"; };
		FAFCE0C121CE852100DFCB8B /* Base */ = {isa = PBXFileReference; lastKnownFileType = file.storyboard; name = Base; path = Base.lproj/Main.storyboard; sourceTree = "<group>"; };
		FAFCE0C321CE852300DFCB8B /* Assets.xcassets */ = {isa = PBXFileReference; lastKnownFileType = folder.assetcatalog; path = Assets.xcassets; sourceTree = "<group>"; };
		FAFCE0C621CE852300DFCB8B /* Base */ = {isa = PBXFileReference; lastKnownFileType = file.storyboard; name = Base; path = Base.lproj/LaunchScreen.storyboard; sourceTree = "<group>"; };
		FAFCE0C821CE852300DFCB8B /* Info.plist */ = {isa = PBXFileReference; lastKnownFileType = text.plist.xml; path = Info.plist; sourceTree = "<group>"; };
		FAFCE0CD21CE852300DFCB8B /* TeacherTKTests.xctest */ = {isa = PBXFileReference; explicitFileType = wrapper.cfbundle; includeInIndex = 0; path = TeacherTKTests.xctest; sourceTree = BUILT_PRODUCTS_DIR; };
		FAFCE0D121CE852300DFCB8B /* TeacherTKTests.swift */ = {isa = PBXFileReference; lastKnownFileType = sourcecode.swift; path = TeacherTKTests.swift; sourceTree = "<group>"; };
		FAFCE0D321CE852300DFCB8B /* Info.plist */ = {isa = PBXFileReference; lastKnownFileType = text.plist.xml; path = Info.plist; sourceTree = "<group>"; };
		FAFCE0D821CE852300DFCB8B /* TeacherTKUITests.xctest */ = {isa = PBXFileReference; explicitFileType = wrapper.cfbundle; includeInIndex = 0; path = TeacherTKUITests.xctest; sourceTree = BUILT_PRODUCTS_DIR; };
		FAFCE0DC21CE852300DFCB8B /* TeacherTKUITests.swift */ = {isa = PBXFileReference; lastKnownFileType = sourcecode.swift; path = TeacherTKUITests.swift; sourceTree = "<group>"; };
		FAFCE0DE21CE852300DFCB8B /* Info.plist */ = {isa = PBXFileReference; lastKnownFileType = text.plist.xml; path = Info.plist; sourceTree = "<group>"; };
		FAFCE0EB21CE86AA00DFCB8B /* Alamofire.framework */ = {isa = PBXFileReference; lastKnownFileType = wrapper.framework; name = Alamofire.framework; path = Carthage/Build/iOS/Alamofire.framework; sourceTree = "<group>"; };
/* End PBXFileReference section */

/* Begin PBXFrameworksBuildPhase section */
		FAFCE0B621CE852100DFCB8B /* Frameworks */ = {
			isa = PBXFrameworksBuildPhase;
			buildActionMask = 2147483647;
			files = (
				FAFCE0EC21CE86AA00DFCB8B /* Alamofire.framework in Frameworks */,
			);
			runOnlyForDeploymentPostprocessing = 0;
		};
		FAFCE0CA21CE852300DFCB8B /* Frameworks */ = {
			isa = PBXFrameworksBuildPhase;
			buildActionMask = 2147483647;
			files = (
			);
			runOnlyForDeploymentPostprocessing = 0;
		};
		FAFCE0D521CE852300DFCB8B /* Frameworks */ = {
			isa = PBXFrameworksBuildPhase;
			buildActionMask = 2147483647;
			files = (
			);
			runOnlyForDeploymentPostprocessing = 0;
		};
/* End PBXFrameworksBuildPhase section */

/* Begin PBXGroup section */
		FAFCE0B021CE852100DFCB8B = {
			isa = PBXGroup;
			children = (
				FAFCE0BB21CE852100DFCB8B /* TeacherTK */,
				FAFCE0D021CE852300DFCB8B /* TeacherTKTests */,
				FAFCE0DB21CE852300DFCB8B /* TeacherTKUITests */,
				FAFCE0BA21CE852100DFCB8B /* Products */,
				FAFCE0EA21CE86A900DFCB8B /* Frameworks */,
			);
			sourceTree = "<group>";
		};
		FAFCE0BA21CE852100DFCB8B /* Products */ = {
			isa = PBXGroup;
			children = (
				FAFCE0B921CE852100DFCB8B /* TeacherTK.app */,
				FAFCE0CD21CE852300DFCB8B /* TeacherTKTests.xctest */,
				FAFCE0D821CE852300DFCB8B /* TeacherTKUITests.xctest */,
			);
			name = Products;
			sourceTree = "<group>";
		};
		FAFCE0BB21CE852100DFCB8B /* TeacherTK */ = {
			isa = PBXGroup;
			children = (
				FAFCE0BC21CE852100DFCB8B /* AppDelegate.swift */,
				FAFCE0BE21CE852100DFCB8B /* ViewController.swift */,
				FAFCE0C021CE852100DFCB8B /* Main.storyboard */,
				FAFCE0C321CE852300DFCB8B /* Assets.xcassets */,
				FAFCE0C521CE852300DFCB8B /* LaunchScreen.storyboard */,
				FAFCE0C821CE852300DFCB8B /* Info.plist */,
			);
			path = TeacherTK;
			sourceTree = "<group>";
		};
		FAFCE0D021CE852300DFCB8B /* TeacherTKTests */ = {
			isa = PBXGroup;
			children = (
				FAFCE0D121CE852300DFCB8B /* TeacherTKTests.swift */,
				FAFCE0D321CE852300DFCB8B /* Info.plist */,
			);
			path = TeacherTKTests;
			sourceTree = "<group>";
		};
		FAFCE0DB21CE852300DFCB8B /* TeacherTKUITests */ = {
			isa = PBXGroup;
			children = (
				FAFCE0DC21CE852300DFCB8B /* TeacherTKUITests.swift */,
				FAFCE0DE21CE852300DFCB8B /* Info.plist */,
			);
			path = TeacherTKUITests;
			sourceTree = "<group>";
		};
		FAFCE0EA21CE86A900DFCB8B /* Frameworks */ = {
			isa = PBXGroup;
			children = (
				FAFCE0EB21CE86AA00DFCB8B /* Alamofire.framework */,
			);
			name = Frameworks;
			sourceTree = "<group>";
		};
/* End PBXGroup section */

/* Begin PBXNativeTarget section */
		FAFCE0B821CE852100DFCB8B /* TeacherTK */ = {
			isa = PBXNativeTarget;
			buildConfigurationList = FAFCE0E121CE852300DFCB8B /* Build configuration list for PBXNativeTarget "TeacherTK" */;
			buildPhases = (
				FAFCE0B521CE852100DFCB8B /* Sources */,
				FAFCE0B621CE852100DFCB8B /* Frameworks */,
				FAFCE0B721CE852100DFCB8B /* Resources */,
				FAFCE0ED21CE870F00DFCB8B /* ShellScript */,
			);
			buildRules = (
			);
			dependencies = (
			);
			name = TeacherTK;
			productName = TeacherTK;
			productReference = FAFCE0B921CE852100DFCB8B /* TeacherTK.app */;
			productType = "com.apple.product-type.application";
		};
		FAFCE0CC21CE852300DFCB8B /* TeacherTKTests */ = {
			isa = PBXNativeTarget;
			buildConfigurationList = FAFCE0E421CE852300DFCB8B /* Build configuration list for PBXNativeTarget "TeacherTKTests" */;
			buildPhases = (
				FAFCE0C921CE852300DFCB8B /* Sources */,
				FAFCE0CA21CE852300DFCB8B /* Frameworks */,
				FAFCE0CB21CE852300DFCB8B /* Resources */,
			);
			buildRules = (
			);
			dependencies = (
				FAFCE0CF21CE852300DFCB8B /* PBXTargetDependency */,
			);
			name = TeacherTKTests;
			productName = TeacherTKTests;
			productReference = FAFCE0CD21CE852300DFCB8B /* TeacherTKTests.xctest */;
			productType = "com.apple.product-type.bundle.unit-test";
		};
		FAFCE0D721CE852300DFCB8B /* TeacherTKUITests */ = {
			isa = PBXNativeTarget;
			buildConfigurationList = FAFCE0E721CE852300DFCB8B /* Build configuration list for PBXNativeTarget "TeacherTKUITests" */;
			buildPhases = (
				FAFCE0D421CE852300DFCB8B /* Sources */,
				FAFCE0D521CE852300DFCB8B /* Frameworks */,
				FAFCE0D621CE852300DFCB8B /* Resources */,
			);
			buildRules = (
			);
			dependencies = (
				FAFCE0DA21CE852300DFCB8B /* PBXTargetDependency */,
			);
			name = TeacherTKUITests;
			productName = TeacherTKUITests;
			productReference = FAFCE0D821CE852300DFCB8B /* TeacherTKUITests.xctest */;
			productType = "com.apple.product-type.bundle.ui-testing";
		};
/* End PBXNativeTarget section */

/* Begin PBXProject section */
		FAFCE0B121CE852100DFCB8B /* Project object */ = {
			isa = PBXProject;
			attributes = {
				LastSwiftUpdateCheck = 1010;
				LastUpgradeCheck = 1010;
				ORGANIZATIONNAME = agcepeda;
				TargetAttributes = {
					FAFCE0B821CE852100DFCB8B = {
						CreatedOnToolsVersion = 10.1;
					};
					FAFCE0CC21CE852300DFCB8B = {
						CreatedOnToolsVersion = 10.1;
						TestTargetID = FAFCE0B821CE852100DFCB8B;
					};
					FAFCE0D721CE852300DFCB8B = {
						CreatedOnToolsVersion = 10.1;
						TestTargetID = FAFCE0B821CE852100DFCB8B;
					};
				};
			};
			buildConfigurationList = FAFCE0B421CE852100DFCB8B /* Build configuration list for PBXProject "TeacherTK" */;
			compatibilityVersion = "Xcode 9.3";
			developmentRegion = en;
			hasScannedForEncodings = 0;
			knownRegions = (
				en,
				Base,
			);
			mainGroup = FAFCE0B021CE852100DFCB8B;
			productRefGroup = FAFCE0BA21CE852100DFCB8B /* Products */;
			projectDirPath = "";
			projectRoot = "";
			targets = (
				FAFCE0B821CE852100DFCB8B /* TeacherTK */,
				FAFCE0CC21CE852300DFCB8B /* TeacherTKTests */,
				FAFCE0D721CE852300DFCB8B /* TeacherTKUITests */,
			);
		};
/* End PBXProject section */

/* Begin PBXResourcesBuildPhase section */
		FAFCE0B721CE852100DFCB8B /* Resources */ = {
			isa = PBXResourcesBuildPhase;
			buildActionMask = 2147483647;
			files = (
				FAFCE0C721CE852300DFCB8B /* LaunchScreen.storyboard in Resources */,
				FAFCE0C421CE852300DFCB8B /* Assets.xcassets in Resources */,
				FAFCE0C221CE852100DFCB8B /* Main.storyboard in Resources */,
			);
			runOnlyForDeploymentPostprocessing = 0;
		};
		FAFCE0CB21CE852300DFCB8B /* Resources */ = {
			isa = PBXResourcesBuildPhase;
			buildActionMask = 2147483647;
			files = (
			);
			runOnlyForDeploymentPostprocessing = 0;
		};
		FAFCE0D621CE852300DFCB8B /* Resources */ = {
			isa = PBXResourcesBuildPhase;
			buildActionMask = 2147483647;
			files = (
			);
			runOnlyForDeploymentPostprocessing = 0;
		};
/* End PBXResourcesBuildPhase section */

/* Begin PBXShellScriptBuildPhase section */
		FAFCE0ED21CE870F00DFCB8B /* ShellScript */ = {
			isa = PBXShellScriptBuildPhase;
			buildActionMask = 2147483647;
			files = (
			);
			inputFileListPaths = (
			);
			inputPaths = (
				"$(SRCROOT)/Carthage/Build/iOS/Alamofire.framework",
			);
			outputFileListPaths = (
			);
			outputPaths = (
			);
			runOnlyForDeploymentPostprocessing = 0;
			shellPath = /bin/sh;
			shellScript = "/usr/local/bin/carthage copy-frameworks\n";
		};
/* End PBXShellScriptBuildPhase section */

/* Begin PBXSourcesBuildPhase section */
		FAFCE0B521CE852100DFCB8B /* Sources */ = {
			isa = PBXSourcesBuildPhase;
			buildActionMask = 2147483647;
			files = (
				FAFCE0BF21CE852100DFCB8B /* ViewController.swift in Sources */,
				FAFCE0BD21CE852100DFCB8B /* AppDelegate.swift in Sources */,
			);
			runOnlyForDeploymentPostprocessing = 0;
		};
		FAFCE0C921CE852300DFCB8B /* Sources */ = {
			isa = PBXSourcesBuildPhase;
			buildActionMask = 2147483647;
			files = (
				FAFCE0D221CE852300DFCB8B /* TeacherTKTests.swift in Sources */,
			);
			runOnlyForDeploymentPostprocessing = 0;
		};
		FAFCE0D421CE852300DFCB8B /* Sources */ = {
			isa = PBXSourcesBuildPhase;
			buildActionMask = 2147483647;
			files = (
				FAFCE0DD21CE852300DFCB8B /* TeacherTKUITests.swift in Sources */,
			);
			runOnlyForDeploymentPostprocessing = 0;
		};
/* End PBXSourcesBuildPhase section */

/* Begin PBXTargetDependency section */
		FAFCE0CF21CE852300DFCB8B /* PBXTargetDependency */ = {
			isa = PBXTargetDependency;
			target = FAFCE0B821CE852100DFCB8B /* TeacherTK */;
			targetProxy = FAFCE0CE21CE852300DFCB8B /* PBXContainerItemProxy */;
		};
		FAFCE0DA21CE852300DFCB8B /* PBXTargetDependency */ = {
			isa = PBXTargetDependency;
			target = FAFCE0B821CE852100DFCB8B /* TeacherTK */;
			targetProxy = FAFCE0D921CE852300DFCB8B /* PBXContainerItemProxy */;
		};
/* End PBXTargetDependency section */

/* Begin PBXVariantGroup section */
		FAFCE0C021CE852100DFCB8B /* Main.storyboard */ = {
			isa = PBXVariantGroup;
			children = (
				FAFCE0C121CE852100DFCB8B /* Base */,
			);
			name = Main.storyboard;
			sourceTree = "<group>";
		};
		FAFCE0C521CE852300DFCB8B /* LaunchScreen.storyboard */ = {
			isa = PBXVariantGroup;
			children = (
				FAFCE0C621CE852300DFCB8B /* Base */,
			);
			name = LaunchScreen.storyboard;
			sourceTree = "<group>";
		};
/* End PBXVariantGroup section */

/* Begin XCBuildConfiguration section */
		FAFCE0DF21CE852300DFCB8B /* Debug */ = {
			isa = XCBuildConfiguration;
			buildSettings = {
				ALWAYS_SEARCH_USER_PATHS = NO;
				CLANG_ANALYZER_NONNULL = YES;
				CLANG_ANALYZER_NUMBER_OBJECT_CONVERSION = YES_AGGRESSIVE;
				CLANG_CXX_LANGUAGE_STANDARD = "gnu++14";
				CLANG_CXX_LIBRARY = "libc++";
				CLANG_ENABLE_MODULES = YES;
				CLANG_ENABLE_OBJC_ARC = YES;
				CLANG_ENABLE_OBJC_WEAK = YES;
				CLANG_WARN_BLOCK_CAPTURE_AUTORELEASING = YES;
				CLANG_WARN_BOOL_CONVERSION = YES;
				CLANG_WARN_COMMA = YES;
				CLANG_WARN_CONSTANT_CONVERSION = YES;
				CLANG_WARN_DEPRECATED_OBJC_IMPLEMENTATIONS = YES;
				CLANG_WARN_DIRECT_OBJC_ISA_USAGE = YES_ERROR;
				CLANG_WARN_DOCUMENTATION_COMMENTS = YES;
				CLANG_WARN_EMPTY_BODY = YES;
				CLANG_WARN_ENUM_CONVERSION = YES;
				CLANG_WARN_INFINITE_RECURSION = YES;
				CLANG_WARN_INT_CONVERSION = YES;
				CLANG_WARN_NON_LITERAL_NULL_CONVERSION = YES;
				CLANG_WARN_OBJC_IMPLICIT_RETAIN_SELF = YES;
				CLANG_WARN_OBJC_LITERAL_CONVERSION = YES;
				CLANG_WARN_OBJC_ROOT_CLASS = YES_ERROR;
				CLANG_WARN_RANGE_LOOP_ANALYSIS = YES;
				CLANG_WARN_STRICT_PROTOTYPES = YES;
				CLANG_WARN_SUSPICIOUS_MOVE = YES;
				CLANG_WARN_UNGUARDED_AVAILABILITY = YES_AGGRESSIVE;
				CLANG_WARN_UNREACHABLE_CODE = YES;
				CLANG_WARN__DUPLICATE_METHOD_MATCH = YES;
				CODE_SIGN_IDENTITY = "iPhone Developer";
				COPY_PHASE_STRIP = NO;
				DEBUG_INFORMATION_FORMAT = dwarf;
				ENABLE_STRICT_OBJC_MSGSEND = YES;
				ENABLE_TESTABILITY = YES;
				GCC_C_LANGUAGE_STANDARD = gnu11;
				GCC_DYNAMIC_NO_PIC = NO;
				GCC_NO_COMMON_BLOCKS = YES;
				GCC_OPTIMIZATION_LEVEL = 0;
				GCC_PREPROCESSOR_DEFINITIONS = (
					"DEBUG=1",
					"$(inherited)",
				);
				GCC_WARN_64_TO_32_BIT_CONVERSION = YES;
				GCC_WARN_ABOUT_RETURN_TYPE = YES_ERROR;
				GCC_WARN_UNDECLARED_SELECTOR = YES;
				GCC_WARN_UNINITIALIZED_AUTOS = YES_AGGRESSIVE;
				GCC_WARN_UNUSED_FUNCTION = YES;
				GCC_WARN_UNUSED_VARIABLE = YES;
				IPHONEOS_DEPLOYMENT_TARGET = 12.1;
				MTL_ENABLE_DEBUG_INFO = INCLUDE_SOURCE;
				MTL_FAST_MATH = YES;
				ONLY_ACTIVE_ARCH = YES;
				SDKROOT = iphoneos;
				SWIFT_ACTIVE_COMPILATION_CONDITIONS = DEBUG;
				SWIFT_OPTIMIZATION_LEVEL = "-Onone";
			};
			name = Debug;
		};
		FAFCE0E021CE852300DFCB8B /* Release */ = {
			isa = XCBuildConfiguration;
			buildSettings = {
				ALWAYS_SEARCH_USER_PATHS = NO;
				CLANG_ANALYZER_NONNULL = YES;
				CLANG_ANALYZER_NUMBER_OBJECT_CONVERSION = YES_AGGRESSIVE;
				CLANG_CXX_LANGUAGE_STANDARD = "gnu++14";
				CLANG_CXX_LIBRARY = "libc++";
				CLANG_ENABLE_MODULES = YES;
				CLANG_ENABLE_OBJC_ARC = YES;
				CLANG_ENABLE_OBJC_WEAK = YES;
				CLANG_WARN_BLOCK_CAPTURE_AUTORELEASING = YES;
				CLANG_WARN_BOOL_CONVERSION = YES;
				CLANG_WARN_COMMA = YES;
				CLANG_WARN_CONSTANT_CONVERSION = YES;
				CLANG_WARN_DEPRECATED_OBJC_IMPLEMENTATIONS = YES;
				CLANG_WARN_DIRECT_OBJC_ISA_USAGE = YES_ERROR;
				CLANG_WARN_DOCUMENTATION_COMMENTS = YES;
				CLANG_WARN_EMPTY_BODY = YES;
				CLANG_WARN_ENUM_CONVERSION = YES;
				CLANG_WARN_INFINITE_RECURSION = YES;
				CLANG_WARN_INT_CONVERSION = YES;
				CLANG_WARN_NON_LITERAL_NULL_CONVERSION = YES;
				CLANG_WARN_OBJC_IMPLICIT_RETAIN_SELF = YES;
				CLANG_WARN_OBJC_LITERAL_CONVERSION = YES;
				CLANG_WARN_OBJC_ROOT_CLASS = YES_ERROR;
				CLANG_WARN_RANGE_LOOP_ANALYSIS = YES;
				CLANG_WARN_STRICT_PROTOTYPES = YES;
				CLANG_WARN_SUSPICIOUS_MOVE = YES;
				CLANG_WARN_UNGUARDED_AVAILABILITY = YES_AGGRESSIVE;
				CLANG_WARN_UNREACHABLE_CODE = YES;
				CLANG_WARN__DUPLICATE_METHOD_MATCH = YES;
				CODE_SIGN_IDENTITY = "iPhone Developer";
				COPY_PHASE_STRIP = NO;
				DEBUG_INFORMATION_FORMAT = "dwarf-with-dsym";
				ENABLE_NS_ASSERTIONS = NO;
				ENABLE_STRICT_OBJC_MSGSEND = YES;
				GCC_C_LANGUAGE_STANDARD = gnu11;
				GCC_NO_COMMON_BLOCKS = YES;
				GCC_WARN_64_TO_32_BIT_CONVERSION = YES;
				GCC_WARN_ABOUT_RETURN_TYPE = YES_ERROR;
				GCC_WARN_UNDECLARED_SELECTOR = YES;
				GCC_WARN_UNINITIALIZED_AUTOS = YES_AGGRESSIVE;
				GCC_WARN_UNUSED_FUNCTION = YES;
				GCC_WARN_UNUSED_VARIABLE = YES;
				IPHONEOS_DEPLOYMENT_TARGET = 12.1;
				MTL_ENABLE_DEBUG_INFO = NO;
				MTL_FAST_MATH = YES;
				SDKROOT = iphoneos;
				SWIFT_COMPILATION_MODE = wholemodule;
				SWIFT_OPTIMIZATION_LEVEL = "-O";
				VALIDATE_PRODUCT = YES;
			};
			name = Release;
		};
		FAFCE0E221CE852300DFCB8B /* Debug */ = {
			isa = XCBuildConfiguration;
			buildSettings = {
				ASSETCATALOG_COMPILER_APPICON_NAME = AppIcon;
				CODE_SIGN_STYLE = Automatic;
				FRAMEWORK_SEARCH_PATHS = (
					"$(inherited)",
					"$(PROJECT_DIR)/Carthage/Build/iOS",
				);
				INFOPLIST_FILE = TeacherTK/Info.plist;
				LD_RUNPATH_SEARCH_PATHS = (
					"$(inherited)",
					"@executable_path/Frameworks",
				);
				PRODUCT_BUNDLE_IDENTIFIER = com.agcepeda.TeacherTK;
				PRODUCT_NAME = "$(TARGET_NAME)";
				SWIFT_VERSION = 4.2;
				TARGETED_DEVICE_FAMILY = "1,2";
			};
			name = Debug;
		};
		FAFCE0E321CE852300DFCB8B /* Release */ = {
			isa = XCBuildConfiguration;
			buildSettings = {
				ASSETCATALOG_COMPILER_APPICON_NAME = AppIcon;
				CODE_SIGN_STYLE = Automatic;
				FRAMEWORK_SEARCH_PATHS = (
					"$(inherited)",
					"$(PROJECT_DIR)/Carthage/Build/iOS",
				);
				INFOPLIST_FILE = TeacherTK/Info.plist;
				LD_RUNPATH_SEARCH_PATHS = (
					"$(inherited)",
					"@executable_path/Frameworks",
				);
				PRODUCT_BUNDLE_IDENTIFIER = com.agcepeda.TeacherTK;
				PRODUCT_NAME = "$(TARGET_NAME)";
				SWIFT_VERSION = 4.2;
				TARGETED_DEVICE_FAMILY = "1,2";
			};
			name = Release;
		};
		FAFCE0E521CE852300DFCB8B /* Debug */ = {
			isa = XCBuildConfiguration;
			buildSettings = {
				ALWAYS_EMBED_SWIFT_STANDARD_LIBRARIES = YES;
				BUNDLE_LOADER = "$(TEST_HOST)";
				CODE_SIGN_STYLE = Automatic;
				INFOPLIST_FILE = TeacherTKTests/Info.plist;
				LD_RUNPATH_SEARCH_PATHS = (
					"$(inherited)",
					"@executable_path/Frameworks",
					"@loader_path/Frameworks",
				);
				PRODUCT_BUNDLE_IDENTIFIER = com.agcepeda.TeacherTKTests;
				PRODUCT_NAME = "$(TARGET_NAME)";
				SWIFT_VERSION = 4.2;
				TARGETED_DEVICE_FAMILY = "1,2";
				TEST_HOST = "$(BUILT_PRODUCTS_DIR)/TeacherTK.app/TeacherTK";
			};
			name = Debug;
		};
		FAFCE0E621CE852300DFCB8B /* Release */ = {
			isa = XCBuildConfiguration;
			buildSettings = {
				ALWAYS_EMBED_SWIFT_STANDARD_LIBRARIES = YES;
				BUNDLE_LOADER = "$(TEST_HOST)";
				CODE_SIGN_STYLE = Automatic;
				INFOPLIST_FILE = TeacherTKTests/Info.plist;
				LD_RUNPATH_SEARCH_PATHS = (
					"$(inherited)",
					"@executable_path/Frameworks",
					"@loader_path/Frameworks",
				);
				PRODUCT_BUNDLE_IDENTIFIER = com.agcepeda.TeacherTKTests;
				PRODUCT_NAME = "$(TARGET_NAME)";
				SWIFT_VERSION = 4.2;
				TARGETED_DEVICE_FAMILY = "1,2";
				TEST_HOST = "$(BUILT_PRODUCTS_DIR)/TeacherTK.app/TeacherTK";
			};
			name = Release;
		};
		FAFCE0E821CE852300DFCB8B /* Debug */ = {
			isa = XCBuildConfiguration;
			buildSettings = {
				ALWAYS_EMBED_SWIFT_STANDARD_LIBRARIES = YES;
				CODE_SIGN_STYLE = Automatic;
				INFOPLIST_FILE = TeacherTKUITests/Info.plist;
				LD_RUNPATH_SEARCH_PATHS = (
					"$(inherited)",
					"@executable_path/Frameworks",
					"@loader_path/Frameworks",
				);
				PRODUCT_BUNDLE_IDENTIFIER = com.agcepeda.TeacherTKUITests;
				PRODUCT_NAME = "$(TARGET_NAME)";
				SWIFT_VERSION = 4.2;
				TARGETED_DEVICE_FAMILY = "1,2";
				TEST_TARGET_NAME = TeacherTK;
			};
			name = Debug;
		};
		FAFCE0E921CE852300DFCB8B /* Release */ = {
			isa = XCBuildConfiguration;
			buildSettings = {
				ALWAYS_EMBED_SWIFT_STANDARD_LIBRARIES = YES;
				CODE_SIGN_STYLE = Automatic;
				INFOPLIST_FILE = TeacherTKUITests/Info.plist;
				LD_RUNPATH_SEARCH_PATHS = (
					"$(inherited)",
					"@executable_path/Frameworks",
					"@loader_path/Frameworks",
				);
				PRODUCT_BUNDLE_IDENTIFIER = com.agcepeda.TeacherTKUITests;
				PRODUCT_NAME = "$(TARGET_NAME)";
				SWIFT_VERSION = 4.2;
				TARGETED_DEVICE_FAMILY = "1,2";
				TEST_TARGET_NAME = TeacherTK;
			};
			name = Release;
		};
/* End XCBuildConfiguration section */

/* Begin XCConfigurationList section */
		FAFCE0B421CE852100DFCB8B /* Build configuration list for PBXProject "TeacherTK" */ = {
			isa = XCConfigurationList;
			buildConfigurations = (
				FAFCE0DF21CE852300DFCB8B /* Debug */,
				FAFCE0E021CE852300DFCB8B /* Release */,
			);
			defaultConfigurationIsVisible = 0;
			defaultConfigurationName = Release;
		};
		FAFCE0E121CE852300DFCB8B /* Build configuration list for PBXNativeTarget "TeacherTK" */ = {
			isa = XCConfigurationList;
			buildConfigurations = (
				FAFCE0E221CE852300DFCB8B /* Debug */,
				FAFCE0E321CE852300DFCB8B /* Release */,
			);
			defaultConfigurationIsVisible = 0;
			defaultConfigurationName = Release;
		};
		FAFCE0E421CE852300DFCB8B /* Build configuration list for PBXNativeTarget "TeacherTKTests" */ = {
			isa = XCConfigurationList;
			buildConfigurations = (
				FAFCE0E521CE852300DFCB8B /* Debug */,
				FAFCE0E621CE852300DFCB8B /* Release */,
			);
			defaultConfigurationIsVisible = 0;
			defaultConfigurationName = Release;
		};
		FAFCE0E721CE852300DFCB8B /* Build configuration list for PBXNativeTarget "TeacherTKUITests" */ = {
			isa = XCConfigurationList;
			buildConfigurations = (
				FAFCE0E821CE852300DFCB8B /* Debug */,
				FAFCE0E921CE852300DFCB8B /* Release */,
			);
			defaultConfigurationIsVisible = 0;
			defaultConfigurationName = Release;
		};
/* End XCConfigurationList section */
	};
	rootObject = FAFCE0B121CE852100DFCB8B /* Project object */;
}
